{
  "name": "frontend",
  "lockfileVersion": 3,
  "requires": true,
  "packages": {
    "": {
      "dependencies": {
        "js-qrcode": "^1.0.0",
        "sweetalert2": "^11.7.28"
      }
    },
    "node_modules/js-qrcode": {
      "version": "1.0.0",
      "resolved": "https://registry.npmjs.org/js-qrcode/-/js-qrcode-1.0.0.tgz",
      "integrity": "sha512-nIPMm/fbzlOBhtE7K5Q8+I/BqwcoDZ+nzBY22+2qmoTCEmE+Zoz9qfuXEqmpbiBm+FrqtZONVZYVyZUU77BqXw=="
    },
    "node_modules/sweetalert2": {
      "version": "11.7.28",
      "resolved": "https://registry.npmjs.org/sweetalert2/-/sweetalert2-11.7.28.tgz",
      "integrity": "sha512-9895DVuYTDlV4Hx4IJablFKMdSqzwpy0PKycztbO4cXnOeVMmw55weOq4gcZAh3/tAyunCKjApFDrlSAcswwcA==",
      "funding": {
        "type": "individual",
        "url": "https://github.com/sponsors/limonte"
      }
    }
  }
}
